# THIS IS AN AUTOGENERATED FILE. DO NOT EDIT THIS FILE DIRECTLY.
# yarn lockfile v1


dms-conversion@^3.1.1:
  version "3.1.1"
  resolved "https://registry.yarnpkg.com/dms-conversion/-/dms-conversion-3.1.1.tgz#1418181dbe200346ae75cdf0e63aa0e79dc0d9ee"
  integrity sha512-RIs45RfuDSsOUPTsGxfPIEaHXcpke6Iz14b6UznkTkLai2EPa3vqcK8sF7uIymsTVS3uEDHEIsP7xfI+8bCBZg==
